
Microsoft Visual Studio Solution File, Format Version 12.00
# Visual Studio Version 16
VisualStudioVersion = 16.0.30621.155
MinimumVisualStudioVersion = 10.0.40219.1
Project("{FAE04EC0-301F-11D3-BF4B-00C04F79EFBC}") = "IfState", "IfState\IfState.csproj", "{C41028C9-2BA9-4D01-B083-FB259284701D}"
EndProject
Global
	GlobalSection(SolutionConfigurationPlatforms) = preSolution
		Debug|Any CPU = Debug|Any CPU
		Release|Any CPU = Release|Any CPU
	EndGlobalSection
	GlobalSection(ProjectConfigurationPlatforms) = postSolution
		{C41028C9-2BA9-4D01-B083-FB259284701D}.Debug|Any CPU.ActiveCfg = Debug|Any CPU
		{C41028C9-2BA9-4D01-B083-FB259284701D}.Debug|Any CPU.Build.0 = Debug|Any CPU
		{C41028C9-2BA9-4D01-B083-FB259284701D}.Release|Any CPU.ActiveCfg = Release|Any CPU
		{C41028C9-2BA9-4D01-B083-FB259284701D}.Release|Any CPU.Build.0 = Release|Any CPU
	EndGlobalSection
	GlobalSection(SolutionProperties) = preSolution
		HideSolutionNode = FALSE
	EndGlobalSection
	GlobalSection(ExtensibilityGlobals) = postSolution
		SolutionGuid = {DF2498B9-6ABC-45C2-83D8-AC19D78588D5}
	EndGlobalSection
EndGlobal
