
Microsoft Visual Studio Solution File, Format Version 12.00
# Visual Studio Version 16
VisualStudioVersion = 16.0.30621.155
MinimumVisualStudioVersion = 10.0.40219.1
Project("{FAE04EC0-301F-11D3-BF4B-00C04F79EFBC}") = "NumbersOT", "NumbersOT\NumbersOT.csproj", "{DC2FF661-AFDA-4E80-867F-9373A4E3B267}"
EndProject
Global
	GlobalSection(SolutionConfigurationPlatforms) = preSolution
		Debug|Any CPU = Debug|Any CPU
		Release|Any CPU = Release|Any CPU
	EndGlobalSection
	GlobalSection(ProjectConfigurationPlatforms) = postSolution
		{DC2FF661-AFDA-4E80-867F-9373A4E3B267}.Debug|Any CPU.ActiveCfg = Debug|Any CPU
		{DC2FF661-AFDA-4E80-867F-9373A4E3B267}.Debug|Any CPU.Build.0 = Debug|Any CPU
		{DC2FF661-AFDA-4E80-867F-9373A4E3B267}.Release|Any CPU.ActiveCfg = Release|Any CPU
		{DC2FF661-AFDA-4E80-867F-9373A4E3B267}.Release|Any CPU.Build.0 = Release|Any CPU
	EndGlobalSection
	GlobalSection(SolutionProperties) = preSolution
		HideSolutionNode = FALSE
	EndGlobalSection
	GlobalSection(ExtensibilityGlobals) = postSolution
		SolutionGuid = {1DA7C796-7F99-434D-942F-632421757BA0}
	EndGlobalSection
EndGlobal
