
Microsoft Visual Studio Solution File, Format Version 12.00
# Visual Studio Version 16
VisualStudioVersion = 16.0.31129.286
MinimumVisualStudioVersion = 10.0.40219.1
Project("{FAE04EC0-301F-11D3-BF4B-00C04F79EFBC}") = "upr1_modul5", "upr1_modul5\upr1_modul5.csproj", "{166E090B-EAF0-4970-886E-5EE40DAA0295}"
EndProject
Project("{FAE04EC0-301F-11D3-BF4B-00C04F79EFBC}") = "nasledqvane", "nasledqvane\nasledqvane.csproj", "{2B0B3D5D-B96E-469A-B28A-676409B6296E}"
EndProject
Project("{FAE04EC0-301F-11D3-BF4B-00C04F79EFBC}") = "abstract_class", "abstract_class\abstract_class.csproj", "{D3E28B3A-8FB6-4ECE-B5B5-A7E1C9546313}"
EndProject
Global
	GlobalSection(SolutionConfigurationPlatforms) = preSolution
		Debug|Any CPU = Debug|Any CPU
		Release|Any CPU = Release|Any CPU
	EndGlobalSection
	GlobalSection(ProjectConfigurationPlatforms) = postSolution
		{166E090B-EAF0-4970-886E-5EE40DAA0295}.Debug|Any CPU.ActiveCfg = Debug|Any CPU
		{166E090B-EAF0-4970-886E-5EE40DAA0295}.Debug|Any CPU.Build.0 = Debug|Any CPU
		{166E090B-EAF0-4970-886E-5EE40DAA0295}.Release|Any CPU.ActiveCfg = Release|Any CPU
		{166E090B-EAF0-4970-886E-5EE40DAA0295}.Release|Any CPU.Build.0 = Release|Any CPU
		{2B0B3D5D-B96E-469A-B28A-676409B6296E}.Debug|Any CPU.ActiveCfg = Debug|Any CPU
		{2B0B3D5D-B96E-469A-B28A-676409B6296E}.Debug|Any CPU.Build.0 = Debug|Any CPU
		{2B0B3D5D-B96E-469A-B28A-676409B6296E}.Release|Any CPU.ActiveCfg = Release|Any CPU
		{2B0B3D5D-B96E-469A-B28A-676409B6296E}.Release|Any CPU.Build.0 = Release|Any CPU
		{D3E28B3A-8FB6-4ECE-B5B5-A7E1C9546313}.Debug|Any CPU.ActiveCfg = Debug|Any CPU
		{D3E28B3A-8FB6-4ECE-B5B5-A7E1C9546313}.Debug|Any CPU.Build.0 = Debug|Any CPU
		{D3E28B3A-8FB6-4ECE-B5B5-A7E1C9546313}.Release|Any CPU.ActiveCfg = Release|Any CPU
		{D3E28B3A-8FB6-4ECE-B5B5-A7E1C9546313}.Release|Any CPU.Build.0 = Release|Any CPU
	EndGlobalSection
	GlobalSection(SolutionProperties) = preSolution
		HideSolutionNode = FALSE
	EndGlobalSection
	GlobalSection(ExtensibilityGlobals) = postSolution
		SolutionGuid = {9F54FFBB-6395-479D-9AEE-4F145E824B66}
	EndGlobalSection
EndGlobal
