
Microsoft Visual Studio Solution File, Format Version 12.00
# Visual Studio Version 16
VisualStudioVersion = 16.0.30621.155
MinimumVisualStudioVersion = 10.0.40219.1
Project("{FAE04EC0-301F-11D3-BF4B-00C04F79EFBC}") = "30_11_2021", "30_11_2021\30_11_2021.csproj", "{EC410847-4279-4051-843E-703518CC7F11}"
EndProject
Global
	GlobalSection(SolutionConfigurationPlatforms) = preSolution
		Debug|Any CPU = Debug|Any CPU
		Release|Any CPU = Release|Any CPU
	EndGlobalSection
	GlobalSection(ProjectConfigurationPlatforms) = postSolution
		{EC410847-4279-4051-843E-703518CC7F11}.Debug|Any CPU.ActiveCfg = Debug|Any CPU
		{EC410847-4279-4051-843E-703518CC7F11}.Debug|Any CPU.Build.0 = Debug|Any CPU
		{EC410847-4279-4051-843E-703518CC7F11}.Release|Any CPU.ActiveCfg = Release|Any CPU
		{EC410847-4279-4051-843E-703518CC7F11}.Release|Any CPU.Build.0 = Release|Any CPU
	EndGlobalSection
	GlobalSection(SolutionProperties) = preSolution
		HideSolutionNode = FALSE
	EndGlobalSection
	GlobalSection(ExtensibilityGlobals) = postSolution
		SolutionGuid = {1F667972-5CA9-40E4-A045-DCCBA5F9CF85}
	EndGlobalSection
EndGlobal
