
Microsoft Visual Studio Solution File, Format Version 12.00
# Visual Studio Version 16
VisualStudioVersion = 16.0.30621.155
MinimumVisualStudioVersion = 10.0.40219.1
Project("{FAE04EC0-301F-11D3-BF4B-00C04F79EFBC}") = "ElementNaSuma", "ElementNaSuma\ElementNaSuma.csproj", "{BFF9CDF8-60B0-4220-A355-BE34971BE572}"
EndProject
Global
	GlobalSection(SolutionConfigurationPlatforms) = preSolution
		Debug|Any CPU = Debug|Any CPU
		Release|Any CPU = Release|Any CPU
	EndGlobalSection
	GlobalSection(ProjectConfigurationPlatforms) = postSolution
		{BFF9CDF8-60B0-4220-A355-BE34971BE572}.Debug|Any CPU.ActiveCfg = Debug|Any CPU
		{BFF9CDF8-60B0-4220-A355-BE34971BE572}.Debug|Any CPU.Build.0 = Debug|Any CPU
		{BFF9CDF8-60B0-4220-A355-BE34971BE572}.Release|Any CPU.ActiveCfg = Release|Any CPU
		{BFF9CDF8-60B0-4220-A355-BE34971BE572}.Release|Any CPU.Build.0 = Release|Any CPU
	EndGlobalSection
	GlobalSection(SolutionProperties) = preSolution
		HideSolutionNode = FALSE
	EndGlobalSection
	GlobalSection(ExtensibilityGlobals) = postSolution
		SolutionGuid = {1C6BA53E-6A70-41A6-963F-C3E82F8FAE24}
	EndGlobalSection
EndGlobal
