
Microsoft Visual Studio Solution File, Format Version 12.00
# Visual Studio Version 16
VisualStudioVersion = 16.0.30621.155
MinimumVisualStudioVersion = 10.0.40219.1
Project("{FAE04EC0-301F-11D3-BF4B-00C04F79EFBC}") = "DnevnaPe4lba", "DnevnaPe4lba\DnevnaPe4lba.csproj", "{F9132542-5529-4469-8EB4-6F4191F0DA31}"
EndProject
Global
	GlobalSection(SolutionConfigurationPlatforms) = preSolution
		Debug|Any CPU = Debug|Any CPU
		Release|Any CPU = Release|Any CPU
	EndGlobalSection
	GlobalSection(ProjectConfigurationPlatforms) = postSolution
		{F9132542-5529-4469-8EB4-6F4191F0DA31}.Debug|Any CPU.ActiveCfg = Debug|Any CPU
		{F9132542-5529-4469-8EB4-6F4191F0DA31}.Debug|Any CPU.Build.0 = Debug|Any CPU
		{F9132542-5529-4469-8EB4-6F4191F0DA31}.Release|Any CPU.ActiveCfg = Release|Any CPU
		{F9132542-5529-4469-8EB4-6F4191F0DA31}.Release|Any CPU.Build.0 = Release|Any CPU
	EndGlobalSection
	GlobalSection(SolutionProperties) = preSolution
		HideSolutionNode = FALSE
	EndGlobalSection
	GlobalSection(ExtensibilityGlobals) = postSolution
		SolutionGuid = {B372AFAE-EC1D-45BC-84A4-B13AA387F657}
	EndGlobalSection
EndGlobal
